
Microsoft Visual Studio Solution File, Format Version 12.00
# Visual Studio Version 17
VisualStudioVersion = 17.6.33815.320
MinimumVisualStudioVersion = 10.0.40219.1
Project("{FAE04EC0-301F-11D3-BF4B-00C04F79EFBC}") = "WebAppOrgChart", "WebAppOrgChart\WebAppOrgChart.csproj", "{3DE544CD-EDE9-4421-9A8D-B8F57457F30A}"
EndProject
Global
	GlobalSection(SolutionConfigurationPlatforms) = preSolution
		Debug|Any CPU = Debug|Any CPU
		Release|Any CPU = Release|Any CPU
	EndGlobalSection
	GlobalSection(ProjectConfigurationPlatforms) = postSolution
		{3DE544CD-EDE9-4421-9A8D-B8F57457F30A}.Debug|Any CPU.ActiveCfg = Debug|Any CPU
		{3DE544CD-EDE9-4421-9A8D-B8F57457F30A}.Debug|Any CPU.Build.0 = Debug|Any CPU
		{3DE544CD-EDE9-4421-9A8D-B8F57457F30A}.Release|Any CPU.ActiveCfg = Release|Any CPU
		{3DE544CD-EDE9-4421-9A8D-B8F57457F30A}.Release|Any CPU.Build.0 = Release|Any CPU
	EndGlobalSection
	GlobalSection(SolutionProperties) = preSolution
		HideSolutionNode = FALSE
	EndGlobalSection
	GlobalSection(ExtensibilityGlobals) = postSolution
		SolutionGuid = {F2ADB0DE-4B7F-4136-82EA-816366F9536A}
	EndGlobalSection
EndGlobal
